
Microsoft Visual Studio Solution File, Format Version 9.00
# Visual C++ Express 2005
Project("{8BC9CEB8-8B4A-11D0-8D11-00A0C91BC942}") = "Project1a", "Project1a\Project1a.vcproj", "{FBA5ADE1-DCB3-43A5-80F7-531D13FC5572}"
EndProject
Global
	GlobalSection(SolutionConfigurationPlatforms) = preSolution
		Debug|Win32 = Debug|Win32
		Release|Win32 = Release|Win32
	EndGlobalSection
	GlobalSection(ProjectConfigurationPlatforms) = postSolution
		{FBA5ADE1-DCB3-43A5-80F7-531D13FC5572}.Debug|Win32.ActiveCfg = Debug|Win32
		{FBA5ADE1-DCB3-43A5-80F7-531D13FC5572}.Debug|Win32.Build.0 = Debug|Win32
		{FBA5ADE1-DCB3-43A5-80F7-531D13FC5572}.Release|Win32.ActiveCfg = Release|Win32
		{FBA5ADE1-DCB3-43A5-80F7-531D13FC5572}.Release|Win32.Build.0 = Release|Win32
	EndGlobalSection
	GlobalSection(SolutionProperties) = preSolution
		HideSolutionNode = FALSE
	EndGlobalSection
EndGlobal
